
Microsoft Visual Studio Solution File, Format Version 10.00
# Visual Studio 2008
Project("{73443E56-3503-11DE-B03D-001DBA02A2FC}") = "haxe-titanium-api-2", "haxe-titanium-api-2.hxproj", "{116E40F2-8ACE-431F-B360-1F9BE8D722A4}"
EndProject
Global
	GlobalSection(SolutionConfigurationPlatforms) = preSolution
		Debug|Any CPU = Debug|Any CPU
		Release|Any CPU = Release|Any CPU
	EndGlobalSection
	GlobalSection(ProjectConfigurationPlatforms) = postSolution
		{116E40F2-8ACE-431F-B360-1F9BE8D722A4}.Debug|Any CPU.ActiveCfg = Debug|Any CPU
		{116E40F2-8ACE-431F-B360-1F9BE8D722A4}.Debug|Any CPU.Build.0 = Debug|Any CPU
		{116E40F2-8ACE-431F-B360-1F9BE8D722A4}.Release|Any CPU.ActiveCfg = Release|Any CPU
		{116E40F2-8ACE-431F-B360-1F9BE8D722A4}.Release|Any CPU.Build.0 = Release|Any CPU
	EndGlobalSection
	GlobalSection(MonoDevelopProperties) = preSolution
		StartupItem = haxe-titanium-api-2.hxproj
	EndGlobalSection
EndGlobal
